
Microsoft Visual Studio Solution File, Format Version 12.00
# Visual Studio 15
VisualStudioVersion = 15.0.28010.2016
MinimumVisualStudioVersion = 10.0.40219.1
Project("{FAE04EC0-301F-11D3-BF4B-00C04F79EFBC}") = "Back", "Back\Back.csproj", "{D817BA8D-0CFC-47E5-8018-6D71361F166D}"
EndProject
Global
	GlobalSection(SolutionConfigurationPlatforms) = preSolution
		Debug|Any CPU = Debug|Any CPU
		Release|Any CPU = Release|Any CPU
	EndGlobalSection
	GlobalSection(ProjectConfigurationPlatforms) = postSolution
		{D817BA8D-0CFC-47E5-8018-6D71361F166D}.Debug|Any CPU.ActiveCfg = Debug|Any CPU
		{D817BA8D-0CFC-47E5-8018-6D71361F166D}.Debug|Any CPU.Build.0 = Debug|Any CPU
		{D817BA8D-0CFC-47E5-8018-6D71361F166D}.Release|Any CPU.ActiveCfg = Release|Any CPU
		{D817BA8D-0CFC-47E5-8018-6D71361F166D}.Release|Any CPU.Build.0 = Release|Any CPU
	EndGlobalSection
	GlobalSection(SolutionProperties) = preSolution
		HideSolutionNode = FALSE
	EndGlobalSection
	GlobalSection(ExtensibilityGlobals) = postSolution
		SolutionGuid = {7DA63FF3-E810-46AA-983B-3A1D4449CE3F}
	EndGlobalSection
EndGlobal
